{
  "name": "@ludlovian/tunic",
  "version": "0.1.0",
  "lockfileVersion": 3,
  "requires": true,
  "packages": {
    "": {
      "name": "@ludlovian/tunic",
      "version": "0.1.0",
      "license": "Unlicense",
      "dependencies": {
        "@ludlovian/timer": "file:../timer"
      }
    },
    "../timer": {
      "name": "@ludlovian/timer",
      "version": "3.2.2",
      "license": "Unlicense"
    },
    "node_modules/@ludlovian/timer": {
      "resolved": "../timer",
      "link": true
    }
  }
}
